
Microsoft Visual Studio Solution File, Format Version 12.00
# Visual Studio Version 16
VisualStudioVersion = 16.0.31410.357
MinimumVisualStudioVersion = 10.0.40219.1
Project("{FAE04EC0-301F-11D3-BF4B-00C04F79EFBC}") = "LearnDotNet", "LearnDotNet\LearnDotNet.csproj", "{66BA2E6E-7C87-4653-A4C1-F5E3D372A02B}"
EndProject
Global
	GlobalSection(SolutionConfigurationPlatforms) = preSolution
		Debug|Any CPU = Debug|Any CPU
		Release|Any CPU = Release|Any CPU
	EndGlobalSection
	GlobalSection(ProjectConfigurationPlatforms) = postSolution
		{66BA2E6E-7C87-4653-A4C1-F5E3D372A02B}.Debug|Any CPU.ActiveCfg = Debug|Any CPU
		{66BA2E6E-7C87-4653-A4C1-F5E3D372A02B}.Debug|Any CPU.Build.0 = Debug|Any CPU
		{66BA2E6E-7C87-4653-A4C1-F5E3D372A02B}.Release|Any CPU.ActiveCfg = Release|Any CPU
		{66BA2E6E-7C87-4653-A4C1-F5E3D372A02B}.Release|Any CPU.Build.0 = Release|Any CPU
	EndGlobalSection
	GlobalSection(SolutionProperties) = preSolution
		HideSolutionNode = FALSE
	EndGlobalSection
	GlobalSection(ExtensibilityGlobals) = postSolution
		SolutionGuid = {35C52258-1ED6-4F1B-821D-1356980AE64D}
	EndGlobalSection
EndGlobal
